
Microsoft Visual Studio Solution File, Format Version 12.00
# Visual Studio Version 17
VisualStudioVersion = 17.3.32901.215
MinimumVisualStudioVersion = 10.0.40219.1
Project("{FAE04EC0-301F-11D3-BF4B-00C04F79EFBC}") = "Voorbeeld1", "Voorbeeld1\Voorbeeld1.csproj", "{A8273A83-F9FA-47EE-8C95-6F51749E9340}"
EndProject
Global
	GlobalSection(SolutionConfigurationPlatforms) = preSolution
		Debug|Any CPU = Debug|Any CPU
		Release|Any CPU = Release|Any CPU
	EndGlobalSection
	GlobalSection(ProjectConfigurationPlatforms) = postSolution
		{A8273A83-F9FA-47EE-8C95-6F51749E9340}.Debug|Any CPU.ActiveCfg = Debug|Any CPU
		{A8273A83-F9FA-47EE-8C95-6F51749E9340}.Debug|Any CPU.Build.0 = Debug|Any CPU
		{A8273A83-F9FA-47EE-8C95-6F51749E9340}.Release|Any CPU.ActiveCfg = Release|Any CPU
		{A8273A83-F9FA-47EE-8C95-6F51749E9340}.Release|Any CPU.Build.0 = Release|Any CPU
	EndGlobalSection
	GlobalSection(SolutionProperties) = preSolution
		HideSolutionNode = FALSE
	EndGlobalSection
	GlobalSection(ExtensibilityGlobals) = postSolution
		SolutionGuid = {3DE31C92-B680-485B-B696-9731B46F7A18}
	EndGlobalSection
EndGlobal
